<?xml version="1.0" encoding="utf-8"?>
<Project ToolsVersion="4.0" xmlns="http://schemas.microsoft.com/developer/msbuild/2003">
  <ItemGroup>
    <Filter Include="Source Files">
      <UniqueIdentifier>{4FC737F1-C7A5-4376-A066-2A32D752A2FF}</UniqueIdentifier>
      <Extensions>cpp;c;cc;cxx;def;odl;idl;hpj;bat;asm;asmx</Extensions>
    </Filter>
    <Filter Include="Header Files">
      <UniqueIdentifier>{93995380-89BD-4b04-88EB-625FBE52EBFB}</UniqueIdentifier>
      <Extensions>h;hpp;hxx;hm;inl;inc;xsd</Extensions>
    </Filter>
    <Filter Include="Resource Files">
      <UniqueIdentifier>{67DA6AB6-F800-4c08-8B7A-83BB121AAD01}</UniqueIdentifier>
      <Extensions>rc;ico;cur;bmp;dlg;rc2;rct;bin;rgs;gif;jpg;jpeg;jpe;resx;tiff;tif;png;wav;mfcribbon-ms</Extensions>
    </Filter>
    <Filter Include="Header Files\Game">
      <UniqueIdentifier>{84f102d7-3011-450a-8326-b02bc1e8a821}</UniqueIdentifier>
    </Filter>
    <Filter Include="Header Files\Wrapper">
      <UniqueIdentifier>{14763b9b-e211-4977-b6d8-9a5f7f2b1bbf}</UniqueIdentifier>
    </Filter>
    <Filter Include="Source Files\Game">
      <UniqueIdentifier>{9810b119-1e4b-40e6-9ef2-676c389a235e}</UniqueIdentifier>
    </Filter>
    <Filter Include="Source Files\Wrapper">
      <UniqueIdentifier>{0c02222b-824b-447f-b0d3-587ed2d16b24}</UniqueIdentifier>
    </Filter>
    <Filter Include="Header Files\Game\Screens">
      <UniqueIdentifier>{1ce47d2d-a9aa-4049-84ac-dbebbdc99871}</UniqueIdentifier>
    </Filter>
  </ItemGroup>
  <ItemGroup>
    <ClCompile Include="Game.cpp">
      <Filter>Source Files\Game</Filter>
    </ClCompile>
    <ClCompile Include="D3DDeviceManager.cpp">
      <Filter>Source Files\Wrapper</Filter>
    </ClCompile>
    <ClCompile Include="Keyboard.cpp">
      <Filter>Source Files\Wrapper</Filter>
    </ClCompile>
    <ClCompile Include="InputHandler.cpp">
      <Filter>Source Files\Wrapper</Filter>
    </ClCompile>
    <ClCompile Include="main.cpp">
      <Filter>Source Files\Wrapper</Filter>
    </ClCompile>
    <ClCompile Include="RandomNumber.cpp">
      <Filter>Source Files\Wrapper</Filter>
    </ClCompile>
    <ClCompile Include="Sprite.cpp">
      <Filter>Source Files\Wrapper</Filter>
    </ClCompile>
    <ClCompile Include="Surface.cpp">
      <Filter>Source Files\Wrapper</Filter>
    </ClCompile>
    <ClCompile Include="Timer.cpp">
      <Filter>Source Files\Wrapper</Filter>
    </ClCompile>
  </ItemGroup>
  <ItemGroup>
    <ClInclude Include="Timer.h">
      <Filter>Header Files\Wrapper</Filter>
    </ClInclude>
    <ClInclude Include="Surface.h">
      <Filter>Header Files\Wrapper</Filter>
    </ClInclude>
    <ClInclude Include="Sprite.h">
      <Filter>Header Files\Wrapper</Filter>
    </ClInclude>
    <ClInclude Include="RandomNumber.h">
      <Filter>Header Files\Wrapper</Filter>
    </ClInclude>
    <ClInclude Include="Keyboard.h">
      <Filter>Header Files\Wrapper</Filter>
    </ClInclude>
    <ClInclude Include="D3DDeviceManager.h">
      <Filter>Header Files\Wrapper</Filter>
    </ClInclude>
    <ClInclude Include="GameConstants.h">
      <Filter>Header Files\Wrapper</Filter>
    </ClInclude>
    <ClInclude Include="InputHandler.h">
      <Filter>Header Files\Wrapper</Filter>
    </ClInclude>
    <ClInclude Include="Game.h">
      <Filter>Header Files\Game</Filter>
    </ClInclude>
    <ClInclude Include="ScreenManager.h">
      <Filter>Header Files\Game\Screens</Filter>
    </ClInclude>
    <ClInclude Include="Screen.h">
      <Filter>Header Files\Game\Screens</Filter>
    </ClInclude>
  </ItemGroup>
</Project>