<?xml version="1.0" encoding="utf-8"?>
<Project ToolsVersion="4.0" xmlns="http://schemas.microsoft.com/developer/msbuild/2003">
  <ItemGroup>
    <Filter Include="Source Files">
      <UniqueIdentifier>{4FC737F1-C7A5-4376-A066-2A32D752A2FF}</UniqueIdentifier>
      <Extensions>cpp;c;cc;cxx;def;odl;idl;hpj;bat;asm;asmx</Extensions>
    </Filter>
    <Filter Include="Header Files">
      <UniqueIdentifier>{93995380-89BD-4b04-88EB-625FBE52EBFB}</UniqueIdentifier>
      <Extensions>h;hpp;hxx;hm;inl;inc;xsd</Extensions>
    </Filter>
    <Filter Include="Resource Files">
      <UniqueIdentifier>{67DA6AB6-F800-4c08-8B7A-83BB121AAD01}</UniqueIdentifier>
      <Extensions>rc;ico;cur;bmp;dlg;rc2;rct;bin;rgs;gif;jpg;jpeg;jpe;resx;tiff;tif;png;wav;mfcribbon-ms</Extensions>
    </Filter>
    <Filter Include="Header Files\Game">
      <UniqueIdentifier>{84f102d7-3011-450a-8326-b02bc1e8a821}</UniqueIdentifier>
    </Filter>
    <Filter Include="Header Files\Wrapper">
      <UniqueIdentifier>{14763b9b-e211-4977-b6d8-9a5f7f2b1bbf}</UniqueIdentifier>
    </Filter>
    <Filter Include="Source Files\Game">
      <UniqueIdentifier>{9810b119-1e4b-40e6-9ef2-676c389a235e}</UniqueIdentifier>
    </Filter>
    <Filter Include="Source Files\Wrapper">
      <UniqueIdentifier>{0c02222b-824b-447f-b0d3-587ed2d16b24}</UniqueIdentifier>
    </Filter>
    <Filter Include="Header Files\Game\Screens">
      <UniqueIdentifier>{1ce47d2d-a9aa-4049-84ac-dbebbdc99871}</UniqueIdentifier>
    </Filter>
    <Filter Include="Source Files\Game\Screens">
      <UniqueIdentifier>{fabd0360-3d6f-412d-945d-78ac8a9da493}</UniqueIdentifier>
    </Filter>
    <Filter Include="Header Files\Game\Screens\UI Screens">
      <UniqueIdentifier>{9ccea2bc-5927-4b05-8a75-3dafae03f118}</UniqueIdentifier>
    </Filter>
    <Filter Include="Source Files\Game\Screens\UI Screens">
      <UniqueIdentifier>{c2c57e92-6871-4253-a56f-fc3c9ecc0b4d}</UniqueIdentifier>
    </Filter>
    <Filter Include="Header Files\Game\Managers">
      <UniqueIdentifier>{696f62c5-399b-46d5-ae82-25cb02763e68}</UniqueIdentifier>
    </Filter>
    <Filter Include="Source Files\Game\Managers">
      <UniqueIdentifier>{12ed5b0f-c35c-4a23-aa34-1a6f756cf69b}</UniqueIdentifier>
    </Filter>
    <Filter Include="Header Files\Game\Screens\UI Screens\UI Buttons">
      <UniqueIdentifier>{905214ba-8b80-4483-90ea-602b6bcb3941}</UniqueIdentifier>
    </Filter>
    <Filter Include="Source Files\Game\Screens\UI Screens\UI Buttons">
      <UniqueIdentifier>{9abd3477-8606-40fe-aaa7-c309b12a1ef6}</UniqueIdentifier>
    </Filter>
  </ItemGroup>
  <ItemGroup>
    <ClCompile Include="Game.cpp">
      <Filter>Source Files\Game</Filter>
    </ClCompile>
    <ClCompile Include="D3DDeviceManager.cpp">
      <Filter>Source Files\Wrapper</Filter>
    </ClCompile>
    <ClCompile Include="Keyboard.cpp">
      <Filter>Source Files\Wrapper</Filter>
    </ClCompile>
    <ClCompile Include="InputHandler.cpp">
      <Filter>Source Files\Wrapper</Filter>
    </ClCompile>
    <ClCompile Include="main.cpp">
      <Filter>Source Files\Wrapper</Filter>
    </ClCompile>
    <ClCompile Include="RandomNumber.cpp">
      <Filter>Source Files\Wrapper</Filter>
    </ClCompile>
    <ClCompile Include="Sprite.cpp">
      <Filter>Source Files\Wrapper</Filter>
    </ClCompile>
    <ClCompile Include="Surface.cpp">
      <Filter>Source Files\Wrapper</Filter>
    </ClCompile>
    <ClCompile Include="Timer.cpp">
      <Filter>Source Files\Wrapper</Filter>
    </ClCompile>
    <ClCompile Include="Screen.cpp">
      <Filter>Source Files\Game\Screens</Filter>
    </ClCompile>
    <ClCompile Include="ScreenMenu.cpp">
      <Filter>Source Files\Game\Screens\UI Screens</Filter>
    </ClCompile>
    <ClCompile Include="ScreenManager.cpp">
      <Filter>Source Files\Game\Managers</Filter>
    </ClCompile>
    <ClCompile Include="Button.cpp">
      <Filter>Source Files\Game\Screens\UI Screens\UI Buttons</Filter>
    </ClCompile>
  </ItemGroup>
  <ItemGroup>
    <ClInclude Include="Timer.h">
      <Filter>Header Files\Wrapper</Filter>
    </ClInclude>
    <ClInclude Include="Surface.h">
      <Filter>Header Files\Wrapper</Filter>
    </ClInclude>
    <ClInclude Include="Sprite.h">
      <Filter>Header Files\Wrapper</Filter>
    </ClInclude>
    <ClInclude Include="RandomNumber.h">
      <Filter>Header Files\Wrapper</Filter>
    </ClInclude>
    <ClInclude Include="Keyboard.h">
      <Filter>Header Files\Wrapper</Filter>
    </ClInclude>
    <ClInclude Include="D3DDeviceManager.h">
      <Filter>Header Files\Wrapper</Filter>
    </ClInclude>
    <ClInclude Include="GameConstants.h">
      <Filter>Header Files\Wrapper</Filter>
    </ClInclude>
    <ClInclude Include="InputHandler.h">
      <Filter>Header Files\Wrapper</Filter>
    </ClInclude>
    <ClInclude Include="Game.h">
      <Filter>Header Files\Game</Filter>
    </ClInclude>
    <ClInclude Include="Screen.h">
      <Filter>Header Files\Game\Screens</Filter>
    </ClInclude>
    <ClInclude Include="ScreenMenu.h">
      <Filter>Header Files\Game\Screens\UI Screens</Filter>
    </ClInclude>
    <ClInclude Include="ScreenManager.h">
      <Filter>Header Files\Game\Managers</Filter>
    </ClInclude>
    <ClInclude Include="Button.h">
      <Filter>Header Files\Game\Screens\UI Screens\UI Buttons</Filter>
    </ClInclude>
  </ItemGroup>
</Project>